// !$*UTF8*$!
{
	archiveVersion = 1;
	classes = {
	};
	objectVersion = 48;
	objects = {

/* Begin PBXBuildFile section */
		2168326720BF0E0000CD7407 /* SelectGameModeViewController.swift in Sources */ = {isa = PBXBuildFile; fileRef = 2168326620BF0E0000CD7407 /* SelectGameModeViewController.swift */; };
		2168326920BF0F3300CD7407 /* HowToPlayViewController.swift in Sources */ = {isa = PBXBuildFile; fileRef = 2168326820BF0F3300CD7407 /* HowToPlayViewController.swift */; };
		219A179820C102D600B5A2B5 /* GoogleMobileAds.framework in Frameworks */ = {isa = PBXBuildFile; fileRef = 219A179720C102D600B5A2B5 /* GoogleMobileAds.framework */; };
		219A179C20C7328A00B5A2B5 /* Assets.xcassets in Resources */ = {isa = PBXBuildFile; fileRef = 219A179B20C7328A00B5A2B5 /* Assets.xcassets */; };
		4723D2A5207EF29700BB157E /* AdditionViewController.swift in Sources */ = {isa = PBXBuildFile; fileRef = 4723D2A4207EF29700BB157E /* AdditionViewController.swift */; };
		47296D2C209163240016A8F8 /* Social.framework in Frameworks */ = {isa = PBXBuildFile; fileRef = 47296D2B209163240016A8F8 /* Social.framework */; };
		47359D0220460C4F00120F49 /* AppDelegate.swift in Sources */ = {isa = PBXBuildFile; fileRef = 47359D0120460C4F00120F49 /* AppDelegate.swift */; };
		47359D0420460C4F00120F49 /* ViewController.swift in Sources */ = {isa = PBXBuildFile; fileRef = 47359D0320460C4F00120F49 /* ViewController.swift */; };
		47359D0720460C4F00120F49 /* Main.storyboard in Resources */ = {isa = PBXBuildFile; fileRef = 47359D0520460C4F00120F49 /* Main.storyboard */; };
		47359D0A20460C4F00120F49 /* FinalProject.xcdatamodeld in Sources */ = {isa = PBXBuildFile; fileRef = 47359D0820460C4F00120F49 /* FinalProject.xcdatamodeld */; };
		47359D0F20460C4F00120F49 /* LaunchScreen.storyboard in Resources */ = {isa = PBXBuildFile; fileRef = 47359D0D20460C4F00120F49 /* LaunchScreen.storyboard */; };
		47359D402046124200120F49 /* MapKit.framework in Frameworks */ = {isa = PBXBuildFile; fileRef = 47359D3F2046124200120F49 /* MapKit.framework */; };
		474EDB3D208E33A500EE79F0 /* SubtractionViewController.swift in Sources */ = {isa = PBXBuildFile; fileRef = 474EDB3C208E33A500EE79F0 /* SubtractionViewController.swift */; };
		474EDB3F208E44C100EE79F0 /* GameKit.framework in Frameworks */ = {isa = PBXBuildFile; fileRef = 474EDB3E208E44C100EE79F0 /* GameKit.framework */; };
		4789A05F2088028200F422C4 /* GameOverViewController.swift in Sources */ = {isa = PBXBuildFile; fileRef = 4789A05E2088028200F422C4 /* GameOverViewController.swift */; };
		4790E3A2209DEDB700089643 /* PlayAttempt.swift in Sources */ = {isa = PBXBuildFile; fileRef = 4790E3A1209DEDB700089643 /* PlayAttempt.swift */; };
/* End PBXBuildFile section */

/* Begin PBXContainerItemProxy section */
		47359D1620460C4F00120F49 /* PBXContainerItemProxy */ = {
			isa = PBXContainerItemProxy;
			containerPortal = 47359CF620460C4F00120F49 /* Project object */;
			proxyType = 1;
			remoteGlobalIDString = 47359CFD20460C4F00120F49;
			remoteInfo = FinalProject;
		};
		47359D2120460C4F00120F49 /* PBXContainerItemProxy */ = {
			isa = PBXContainerItemProxy;
			containerPortal = 47359CF620460C4F00120F49 /* Project object */;
			proxyType = 1;
			remoteGlobalIDString = 47359CFD20460C4F00120F49;
			remoteInfo = FinalProject;
		};
/* End PBXContainerItemProxy section */

/* Begin PBXFileReference section */
		2168326620BF0E0000CD7407 /* SelectGameModeViewController.swift */ = {isa = PBXFileReference; lastKnownFileType = sourcecode.swift; path = SelectGameModeViewController.swift; sourceTree = "<group>"; };
		2168326820BF0F3300CD7407 /* HowToPlayViewController.swift */ = {isa = PBXFileReference; lastKnownFileType = sourcecode.swift; path = HowToPlayViewController.swift; sourceTree = "<group>"; };
		219A179020C0E88200B5A2B5 /* GoogleMobileAds.framework */ = {isa = PBXFileReference; lastKnownFileType = wrapper.framework; name = GoogleMobileAds.framework; path = "../GoogleMobileAdsSdkiOS-7.31.0/GoogleMobileAds.framework"; sourceTree = "<group>"; };
		219A179520C1028C00B5A2B5 /* xcuserdata */ = {isa = PBXFileReference; lastKnownFileType = folder; name = xcuserdata; path = Mathercise.xcodeproj/xcuserdata; sourceTree = "<group>"; };
		219A179720C102D600B5A2B5 /* GoogleMobileAds.framework */ = {isa = PBXFileReference; lastKnownFileType = wrapper.framework; path = GoogleMobileAds.framework; sourceTree = "<group>"; };
		219A179B20C7328A00B5A2B5 /* Assets.xcassets */ = {isa = PBXFileReference; lastKnownFileType = folder.assetcatalog; name = Assets.xcassets; path = ../../Assets.xcassets; sourceTree = "<group>"; };
		4723D2A4207EF29700BB157E /* AdditionViewController.swift */ = {isa = PBXFileReference; lastKnownFileType = sourcecode.swift; path = AdditionViewController.swift; sourceTree = "<group>"; };
		47296D2B209163240016A8F8 /* Social.framework */ = {isa = PBXFileReference; lastKnownFileType = wrapper.framework; name = Social.framework; path = System/Library/Frameworks/Social.framework; sourceTree = SDKROOT; };
		47359CFE20460C4F00120F49 /* Mathercise.app */ = {isa = PBXFileReference; explicitFileType = wrapper.application; includeInIndex = 0; path = Mathercise.app; sourceTree = BUILT_PRODUCTS_DIR; };
		47359D0120460C4F00120F49 /* AppDelegate.swift */ = {isa = PBXFileReference; lastKnownFileType = sourcecode.swift; path = AppDelegate.swift; sourceTree = "<group>"; };
		47359D0320460C4F00120F49 /* ViewController.swift */ = {isa = PBXFileReference; lastKnownFileType = sourcecode.swift; path = ViewController.swift; sourceTree = "<group>"; };
		47359D0620460C4F00120F49 /* Base */ = {isa = PBXFileReference; lastKnownFileType = file.storyboard; name = Base; path = Base.lproj/Main.storyboard; sourceTree = "<group>"; };
		47359D0920460C4F00120F49 /* FinalProject.xcdatamodel */ = {isa = PBXFileReference; lastKnownFileType = wrapper.xcdatamodel; path = FinalProject.xcdatamodel; sourceTree = "<group>"; };
		47359D0E20460C4F00120F49 /* Base */ = {isa = PBXFileReference; lastKnownFileType = file.storyboard; name = Base; path = Base.lproj/LaunchScreen.storyboard; sourceTree = "<group>"; };
		47359D1020460C4F00120F49 /* Info.plist */ = {isa = PBXFileReference; lastKnownFileType = text.plist.xml; path = Info.plist; sourceTree = "<group>"; };
		47359D1520460C4F00120F49 /* MatherciseTests.xctest */ = {isa = PBXFileReference; explicitFileType = wrapper.cfbundle; includeInIndex = 0; path = MatherciseTests.xctest; sourceTree = BUILT_PRODUCTS_DIR; };
		47359D2020460C4F00120F49 /* MatherciseUITests.xctest */ = {isa = PBXFileReference; explicitFileType = wrapper.cfbundle; includeInIndex = 0; path = MatherciseUITests.xctest; sourceTree = BUILT_PRODUCTS_DIR; };
		47359D3F2046124200120F49 /* MapKit.framework */ = {isa = PBXFileReference; lastKnownFileType = wrapper.framework; name = MapKit.framework; path = System/Library/Frameworks/MapKit.framework; sourceTree = SDKROOT; };
		474EDB3C208E33A500EE79F0 /* SubtractionViewController.swift */ = {isa = PBXFileReference; lastKnownFileType = sourcecode.swift; path = SubtractionViewController.swift; sourceTree = "<group>"; };
		474EDB3E208E44C100EE79F0 /* GameKit.framework */ = {isa = PBXFileReference; lastKnownFileType = wrapper.framework; name = GameKit.framework; path = System/Library/Frameworks/GameKit.framework; sourceTree = SDKROOT; };
		4789A05E2088028200F422C4 /* GameOverViewController.swift */ = {isa = PBXFileReference; lastKnownFileType = sourcecode.swift; path = GameOverViewController.swift; sourceTree = "<group>"; };
		4790E3A1209DEDB700089643 /* PlayAttempt.swift */ = {isa = PBXFileReference; lastKnownFileType = sourcecode.swift; path = PlayAttempt.swift; sourceTree = "<group>"; };
/* End PBXFileReference section */

/* Begin PBXFrameworksBuildPhase section */
		47359CFB20460C4F00120F49 /* Frameworks */ = {
			isa = PBXFrameworksBuildPhase;
			buildActionMask = 2147483647;
			files = (
				219A179820C102D600B5A2B5 /* GoogleMobileAds.framework in Frameworks */,
				47296D2C209163240016A8F8 /* Social.framework in Frameworks */,
				47359D402046124200120F49 /* MapKit.framework in Frameworks */,
				474EDB3F208E44C100EE79F0 /* GameKit.framework in Frameworks */,
			);
			runOnlyForDeploymentPostprocessing = 0;
		};
		47359D1220460C4F00120F49 /* Frameworks */ = {
			isa = PBXFrameworksBuildPhase;
			buildActionMask = 2147483647;
			files = (
			);
			runOnlyForDeploymentPostprocessing = 0;
		};
		47359D1D20460C4F00120F49 /* Frameworks */ = {
			isa = PBXFrameworksBuildPhase;
			buildActionMask = 2147483647;
			files = (
			);
			runOnlyForDeploymentPostprocessing = 0;
		};
/* End PBXFrameworksBuildPhase section */

/* Begin PBXGroup section */
		47359CF520460C4F00120F49 = {
			isa = PBXGroup;
			children = (
				47359D0020460C4F00120F49 /* Mathercise */,
				47359CFF20460C4F00120F49 /* Products */,
				47359D3E2046124200120F49 /* Frameworks */,
			);
			sourceTree = "<group>";
		};
		47359CFF20460C4F00120F49 /* Products */ = {
			isa = PBXGroup;
			children = (
				47359CFE20460C4F00120F49 /* Mathercise.app */,
				47359D1520460C4F00120F49 /* MatherciseTests.xctest */,
				47359D2020460C4F00120F49 /* MatherciseUITests.xctest */,
			);
			name = Products;
			sourceTree = "<group>";
		};
		47359D0020460C4F00120F49 /* Mathercise */ = {
			isa = PBXGroup;
			children = (
				47359D0120460C4F00120F49 /* AppDelegate.swift */,
				47359D0520460C4F00120F49 /* Main.storyboard */,
				2168326620BF0E0000CD7407 /* SelectGameModeViewController.swift */,
				2168326820BF0F3300CD7407 /* HowToPlayViewController.swift */,
				47359D0320460C4F00120F49 /* ViewController.swift */,
				4789A05E2088028200F422C4 /* GameOverViewController.swift */,
				4723D2A4207EF29700BB157E /* AdditionViewController.swift */,
				474EDB3C208E33A500EE79F0 /* SubtractionViewController.swift */,
				4790E3A1209DEDB700089643 /* PlayAttempt.swift */,
				47359D0D20460C4F00120F49 /* LaunchScreen.storyboard */,
				47359D1020460C4F00120F49 /* Info.plist */,
				47359D0820460C4F00120F49 /* FinalProject.xcdatamodeld */,
				219A179B20C7328A00B5A2B5 /* Assets.xcassets */,
			);
			path = Mathercise;
			sourceTree = "<group>";
		};
		47359D3E2046124200120F49 /* Frameworks */ = {
			isa = PBXGroup;
			children = (
				219A179720C102D600B5A2B5 /* GoogleMobileAds.framework */,
				219A179520C1028C00B5A2B5 /* xcuserdata */,
				219A179020C0E88200B5A2B5 /* GoogleMobileAds.framework */,
				47296D2B209163240016A8F8 /* Social.framework */,
				474EDB3E208E44C100EE79F0 /* GameKit.framework */,
				47359D3F2046124200120F49 /* MapKit.framework */,
			);
			name = Frameworks;
			sourceTree = "<group>";
		};
/* End PBXGroup section */

/* Begin PBXNativeTarget section */
		47359CFD20460C4F00120F49 /* Mathercise */ = {
			isa = PBXNativeTarget;
			buildConfigurationList = 47359D2920460C4F00120F49 /* Build configuration list for PBXNativeTarget "Mathercise" */;
			buildPhases = (
				47359CFA20460C4F00120F49 /* Sources */,
				47359CFB20460C4F00120F49 /* Frameworks */,
				47359CFC20460C4F00120F49 /* Resources */,
			);
			buildRules = (
			);
			dependencies = (
			);
			name = Mathercise;
			productName = FinalProject;
			productReference = 47359CFE20460C4F00120F49 /* Mathercise.app */;
			productType = "com.apple.product-type.application";
		};
		47359D1420460C4F00120F49 /* MatherciseTests */ = {
			isa = PBXNativeTarget;
			buildConfigurationList = 47359D2C20460C4F00120F49 /* Build configuration list for PBXNativeTarget "MatherciseTests" */;
			buildPhases = (
				47359D1120460C4F00120F49 /* Sources */,
				47359D1220460C4F00120F49 /* Frameworks */,
				47359D1320460C4F00120F49 /* Resources */,
			);
			buildRules = (
			);
			dependencies = (
				47359D1720460C4F00120F49 /* PBXTargetDependency */,
			);
			name = MatherciseTests;
			productName = FinalProjectTests;
			productReference = 47359D1520460C4F00120F49 /* MatherciseTests.xctest */;
			productType = "com.apple.product-type.bundle.unit-test";
		};
		47359D1F20460C4F00120F49 /* MatherciseUITests */ = {
			isa = PBXNativeTarget;
			buildConfigurationList = 47359D2F20460C4F00120F49 /* Build configuration list for PBXNativeTarget "MatherciseUITests" */;
			buildPhases = (
				47359D1C20460C4F00120F49 /* Sources */,
				47359D1D20460C4F00120F49 /* Frameworks */,
				47359D1E20460C4F00120F49 /* Resources */,
			);
			buildRules = (
			);
			dependencies = (
				47359D2220460C4F00120F49 /* PBXTargetDependency */,
			);
			name = MatherciseUITests;
			productName = FinalProjectUITests;
			productReference = 47359D2020460C4F00120F49 /* MatherciseUITests.xctest */;
			productType = "com.apple.product-type.bundle.ui-testing";
		};
/* End PBXNativeTarget section */

/* Begin PBXProject section */
		47359CF620460C4F00120F49 /* Project object */ = {
			isa = PBXProject;
			attributes = {
				LastSwiftUpdateCheck = 0920;
				LastUpgradeCheck = 0930;
				ORGANIZATIONNAME = "Aaron Treinish";
				TargetAttributes = {
					47359CFD20460C4F00120F49 = {
						CreatedOnToolsVersion = 9.2;
						ProvisioningStyle = Automatic;
						SystemCapabilities = {
							com.apple.GameCenter = {
								enabled = 1;
							};
							com.apple.Maps.iOS = {
								enabled = 0;
							};
						};
					};
					47359D1420460C4F00120F49 = {
						CreatedOnToolsVersion = 9.2;
						ProvisioningStyle = Automatic;
						TestTargetID = 47359CFD20460C4F00120F49;
					};
					47359D1F20460C4F00120F49 = {
						CreatedOnToolsVersion = 9.2;
						ProvisioningStyle = Automatic;
						TestTargetID = 47359CFD20460C4F00120F49;
					};
				};
			};
			buildConfigurationList = 47359CF920460C4F00120F49 /* Build configuration list for PBXProject "Mathercise" */;
			compatibilityVersion = "Xcode 8.0";
			developmentRegion = en;
			hasScannedForEncodings = 0;
			knownRegions = (
				en,
				Base,
			);
			mainGroup = 47359CF520460C4F00120F49;
			productRefGroup = 47359CFF20460C4F00120F49 /* Products */;
			projectDirPath = "";
			projectRoot = "";
			targets = (
				47359CFD20460C4F00120F49 /* Mathercise */,
				47359D1420460C4F00120F49 /* MatherciseTests */,
				47359D1F20460C4F00120F49 /* MatherciseUITests */,
			);
		};
/* End PBXProject section */

/* Begin PBXResourcesBuildPhase section */
		47359CFC20460C4F00120F49 /* Resources */ = {
			isa = PBXResourcesBuildPhase;
			buildActionMask = 2147483647;
			files = (
				47359D0F20460C4F00120F49 /* LaunchScreen.storyboard in Resources */,
				219A179C20C7328A00B5A2B5 /* Assets.xcassets in Resources */,
				47359D0720460C4F00120F49 /* Main.storyboard in Resources */,
			);
			runOnlyForDeploymentPostprocessing = 0;
		};
		47359D1320460C4F00120F49 /* Resources */ = {
			isa = PBXResourcesBuildPhase;
			buildActionMask = 2147483647;
			files = (
			);
			runOnlyForDeploymentPostprocessing = 0;
		};
		47359D1E20460C4F00120F49 /* Resources */ = {
			isa = PBXResourcesBuildPhase;
			buildActionMask = 2147483647;
			files = (
			);
			runOnlyForDeploymentPostprocessing = 0;
		};
/* End PBXResourcesBuildPhase section */

/* Begin PBXSourcesBuildPhase section */
		47359CFA20460C4F00120F49 /* Sources */ = {
			isa = PBXSourcesBuildPhase;
			buildActionMask = 2147483647;
			files = (
				47359D0420460C4F00120F49 /* ViewController.swift in Sources */,
				47359D0220460C4F00120F49 /* AppDelegate.swift in Sources */,
				4723D2A5207EF29700BB157E /* AdditionViewController.swift in Sources */,
				4789A05F2088028200F422C4 /* GameOverViewController.swift in Sources */,
				4790E3A2209DEDB700089643 /* PlayAttempt.swift in Sources */,
				2168326920BF0F3300CD7407 /* HowToPlayViewController.swift in Sources */,
				47359D0A20460C4F00120F49 /* FinalProject.xcdatamodeld in Sources */,
				474EDB3D208E33A500EE79F0 /* SubtractionViewController.swift in Sources */,
				2168326720BF0E0000CD7407 /* SelectGameModeViewController.swift in Sources */,
			);
			runOnlyForDeploymentPostprocessing = 0;
		};
		47359D1120460C4F00120F49 /* Sources */ = {
			isa = PBXSourcesBuildPhase;
			buildActionMask = 2147483647;
			files = (
			);
			runOnlyForDeploymentPostprocessing = 0;
		};
		47359D1C20460C4F00120F49 /* Sources */ = {
			isa = PBXSourcesBuildPhase;
			buildActionMask = 2147483647;
			files = (
			);
			runOnlyForDeploymentPostprocessing = 0;
		};
/* End PBXSourcesBuildPhase section */

/* Begin PBXTargetDependency section */
		47359D1720460C4F00120F49 /* PBXTargetDependency */ = {
			isa = PBXTargetDependency;
			target = 47359CFD20460C4F00120F49 /* Mathercise */;
			targetProxy = 47359D1620460C4F00120F49 /* PBXContainerItemProxy */;
		};
		47359D2220460C4F00120F49 /* PBXTargetDependency */ = {
			isa = PBXTargetDependency;
			target = 47359CFD20460C4F00120F49 /* Mathercise */;
			targetProxy = 47359D2120460C4F00120F49 /* PBXContainerItemProxy */;
		};
/* End PBXTargetDependency section */

/* Begin PBXVariantGroup section */
		47359D0520460C4F00120F49 /* Main.storyboard */ = {
			isa = PBXVariantGroup;
			children = (
				47359D0620460C4F00120F49 /* Base */,
			);
			name = Main.storyboard;
			sourceTree = "<group>";
		};
		47359D0D20460C4F00120F49 /* LaunchScreen.storyboard */ = {
			isa = PBXVariantGroup;
			children = (
				47359D0E20460C4F00120F49 /* Base */,
			);
			name = LaunchScreen.storyboard;
			sourceTree = "<group>";
		};
/* End PBXVariantGroup section */

/* Begin XCBuildConfiguration section */
		47359D2720460C4F00120F49 /* Debug */ = {
			isa = XCBuildConfiguration;
			buildSettings = {
				ALWAYS_SEARCH_USER_PATHS = NO;
				CLANG_ANALYZER_NONNULL = YES;
				CLANG_ANALYZER_NUMBER_OBJECT_CONVERSION = YES_AGGRESSIVE;
				CLANG_CXX_LANGUAGE_STANDARD = "gnu++14";
				CLANG_CXX_LIBRARY = "libc++";
				CLANG_ENABLE_MODULES = YES;
				CLANG_ENABLE_OBJC_ARC = YES;
				CLANG_WARN_BLOCK_CAPTURE_AUTORELEASING = YES;
				CLANG_WARN_BOOL_CONVERSION = YES;
				CLANG_WARN_COMMA = YES;
				CLANG_WARN_CONSTANT_CONVERSION = YES;
				CLANG_WARN_DEPRECATED_OBJC_IMPLEMENTATIONS = YES;
				CLANG_WARN_DIRECT_OBJC_ISA_USAGE = YES_ERROR;
				CLANG_WARN_DOCUMENTATION_COMMENTS = YES;
				CLANG_WARN_EMPTY_BODY = YES;
				CLANG_WARN_ENUM_CONVERSION = YES;
				CLANG_WARN_INFINITE_RECURSION = YES;
				CLANG_WARN_INT_CONVERSION = YES;
				CLANG_WARN_NON_LITERAL_NULL_CONVERSION = YES;
				CLANG_WARN_OBJC_IMPLICIT_RETAIN_SELF = YES;
				CLANG_WARN_OBJC_LITERAL_CONVERSION = YES;
				CLANG_WARN_OBJC_ROOT_CLASS = YES_ERROR;
				CLANG_WARN_RANGE_LOOP_ANALYSIS = YES;
				CLANG_WARN_STRICT_PROTOTYPES = YES;
				CLANG_WARN_SUSPICIOUS_MOVE = YES;
				CLANG_WARN_UNGUARDED_AVAILABILITY = YES_AGGRESSIVE;
				CLANG_WARN_UNREACHABLE_CODE = YES;
				CLANG_WARN__DUPLICATE_METHOD_MATCH = YES;
				CODE_SIGN_IDENTITY = "iPhone Developer";
				COPY_PHASE_STRIP = NO;
				DEBUG_INFORMATION_FORMAT = dwarf;
				ENABLE_STRICT_OBJC_MSGSEND = YES;
				ENABLE_TESTABILITY = YES;
				GCC_C_LANGUAGE_STANDARD = gnu11;
				GCC_DYNAMIC_NO_PIC = NO;
				GCC_NO_COMMON_BLOCKS = YES;
				GCC_OPTIMIZATION_LEVEL = 0;
				GCC_PREPROCESSOR_DEFINITIONS = (
					"DEBUG=1",
					"$(inherited)",
				);
				GCC_WARN_64_TO_32_BIT_CONVERSION = YES;
				GCC_WARN_ABOUT_RETURN_TYPE = YES_ERROR;
				GCC_WARN_UNDECLARED_SELECTOR = YES;
				GCC_WARN_UNINITIALIZED_AUTOS = YES_AGGRESSIVE;
				GCC_WARN_UNUSED_FUNCTION = YES;
				GCC_WARN_UNUSED_VARIABLE = YES;
				IPHONEOS_DEPLOYMENT_TARGET = 11.2;
				MTL_ENABLE_DEBUG_INFO = YES;
				ONLY_ACTIVE_ARCH = YES;
				SDKROOT = iphoneos;
				SWIFT_ACTIVE_COMPILATION_CONDITIONS = DEBUG;
				SWIFT_OPTIMIZATION_LEVEL = "-Onone";
			};
			name = Debug;
		};
		47359D2820460C4F00120F49 /* Release */ = {
			isa = XCBuildConfiguration;
			buildSettings = {
				ALWAYS_SEARCH_USER_PATHS = NO;
				CLANG_ANALYZER_NONNULL = YES;
				CLANG_ANALYZER_NUMBER_OBJECT_CONVERSION = YES_AGGRESSIVE;
				CLANG_CXX_LANGUAGE_STANDARD = "gnu++14";
				CLANG_CXX_LIBRARY = "libc++";
				CLANG_ENABLE_MODULES = YES;
				CLANG_ENABLE_OBJC_ARC = YES;
				CLANG_WARN_BLOCK_CAPTURE_AUTORELEASING = YES;
				CLANG_WARN_BOOL_CONVERSION = YES;
				CLANG_WARN_COMMA = YES;
				CLANG_WARN_CONSTANT_CONVERSION = YES;
				CLANG_WARN_DEPRECATED_OBJC_IMPLEMENTATIONS = YES;
				CLANG_WARN_DIRECT_OBJC_ISA_USAGE = YES_ERROR;
				CLANG_WARN_DOCUMENTATION_COMMENTS = YES;
				CLANG_WARN_EMPTY_BODY = YES;
				CLANG_WARN_ENUM_CONVERSION = YES;
				CLANG_WARN_INFINITE_RECURSION = YES;
				CLANG_WARN_INT_CONVERSION = YES;
				CLANG_WARN_NON_LITERAL_NULL_CONVERSION = YES;
				CLANG_WARN_OBJC_IMPLICIT_RETAIN_SELF = YES;
				CLANG_WARN_OBJC_LITERAL_CONVERSION = YES;
				CLANG_WARN_OBJC_ROOT_CLASS = YES_ERROR;
				CLANG_WARN_RANGE_LOOP_ANALYSIS = YES;
				CLANG_WARN_STRICT_PROTOTYPES = YES;
				CLANG_WARN_SUSPICIOUS_MOVE = YES;
				CLANG_WARN_UNGUARDED_AVAILABILITY = YES_AGGRESSIVE;
				CLANG_WARN_UNREACHABLE_CODE = YES;
				CLANG_WARN__DUPLICATE_METHOD_MATCH = YES;
				CODE_SIGN_IDENTITY = "iPhone Developer";
				COPY_PHASE_STRIP = NO;
				DEBUG_INFORMATION_FORMAT = "dwarf-with-dsym";
				ENABLE_NS_ASSERTIONS = NO;
				ENABLE_STRICT_OBJC_MSGSEND = YES;
				GCC_C_LANGUAGE_STANDARD = gnu11;
				GCC_NO_COMMON_BLOCKS = YES;
				GCC_WARN_64_TO_32_BIT_CONVERSION = YES;
				GCC_WARN_ABOUT_RETURN_TYPE = YES_ERROR;
				GCC_WARN_UNDECLARED_SELECTOR = YES;
				GCC_WARN_UNINITIALIZED_AUTOS = YES_AGGRESSIVE;
				GCC_WARN_UNUSED_FUNCTION = YES;
				GCC_WARN_UNUSED_VARIABLE = YES;
				IPHONEOS_DEPLOYMENT_TARGET = 11.2;
				MTL_ENABLE_DEBUG_INFO = NO;
				SDKROOT = iphoneos;
				SWIFT_OPTIMIZATION_LEVEL = "-Owholemodule";
				VALIDATE_PRODUCT = YES;
			};
			name = Release;
		};
		47359D2A20460C4F00120F49 /* Debug */ = {
			isa = XCBuildConfiguration;
			buildSettings = {
				ASSETCATALOG_COMPILER_APPICON_NAME = AppIcon;
				CODE_SIGN_IDENTITY = "iPhone Developer";
				CODE_SIGN_STYLE = Automatic;
				DEVELOPMENT_TEAM = NP8854APR4;
				FRAMEWORK_SEARCH_PATHS = (
					"$(inherited)",
					"$(PROJECT_DIR)",
				);
				INFOPLIST_FILE = Mathercise/Info.plist;
				IPHONEOS_DEPLOYMENT_TARGET = 10.0;
				LD_RUNPATH_SEARCH_PATHS = "$(inherited) @executable_path/Frameworks";
				PRODUCT_BUNDLE_IDENTIFIER = com.treinish.Mathercise;
				PRODUCT_NAME = "$(TARGET_NAME)";
				PROVISIONING_PROFILE_SPECIFIER = "";
				SWIFT_VERSION = 4.0;
				TARGETED_DEVICE_FAMILY = "1,2";
			};
			name = Debug;
		};
		47359D2B20460C4F00120F49 /* Release */ = {
			isa = XCBuildConfiguration;
			buildSettings = {
				ASSETCATALOG_COMPILER_APPICON_NAME = AppIcon;
				CODE_SIGN_IDENTITY = "iPhone Developer";
				CODE_SIGN_STYLE = Automatic;
				DEVELOPMENT_TEAM = NP8854APR4;
				FRAMEWORK_SEARCH_PATHS = (
					"$(inherited)",
					"$(PROJECT_DIR)",
				);
				INFOPLIST_FILE = Mathercise/Info.plist;
				IPHONEOS_DEPLOYMENT_TARGET = 10.0;
				LD_RUNPATH_SEARCH_PATHS = "$(inherited) @executable_path/Frameworks";
				PRODUCT_BUNDLE_IDENTIFIER = com.treinish.Mathercise;
				PRODUCT_NAME = "$(TARGET_NAME)";
				PROVISIONING_PROFILE_SPECIFIER = "";
				SWIFT_VERSION = 4.0;
				TARGETED_DEVICE_FAMILY = "1,2";
			};
			name = Release;
		};
		47359D2D20460C4F00120F49 /* Debug */ = {
			isa = XCBuildConfiguration;
			buildSettings = {
				ALWAYS_EMBED_SWIFT_STANDARD_LIBRARIES = YES;
				BUNDLE_LOADER = "$(TEST_HOST)";
				CODE_SIGN_STYLE = Automatic;
				INFOPLIST_FILE = FinalProjectTests/Info.plist;
				LD_RUNPATH_SEARCH_PATHS = "$(inherited) @executable_path/Frameworks @loader_path/Frameworks";
				PRODUCT_BUNDLE_IDENTIFIER = CSC300ART.FinalProjectTests;
				PRODUCT_NAME = "$(TARGET_NAME)";
				SWIFT_VERSION = 4.0;
				TARGETED_DEVICE_FAMILY = "1,2";
				TEST_HOST = "$(BUILT_PRODUCTS_DIR)/FinalProject.app/FinalProject";
			};
			name = Debug;
		};
		47359D2E20460C4F00120F49 /* Release */ = {
			isa = XCBuildConfiguration;
			buildSettings = {
				ALWAYS_EMBED_SWIFT_STANDARD_LIBRARIES = YES;
				BUNDLE_LOADER = "$(TEST_HOST)";
				CODE_SIGN_STYLE = Automatic;
				INFOPLIST_FILE = FinalProjectTests/Info.plist;
				LD_RUNPATH_SEARCH_PATHS = "$(inherited) @executable_path/Frameworks @loader_path/Frameworks";
				PRODUCT_BUNDLE_IDENTIFIER = CSC300ART.FinalProjectTests;
				PRODUCT_NAME = "$(TARGET_NAME)";
				SWIFT_VERSION = 4.0;
				TARGETED_DEVICE_FAMILY = "1,2";
				TEST_HOST = "$(BUILT_PRODUCTS_DIR)/FinalProject.app/FinalProject";
			};
			name = Release;
		};
		47359D3020460C4F00120F49 /* Debug */ = {
			isa = XCBuildConfiguration;
			buildSettings = {
				ALWAYS_EMBED_SWIFT_STANDARD_LIBRARIES = YES;
				CODE_SIGN_STYLE = Automatic;
				INFOPLIST_FILE = FinalProjectUITests/Info.plist;
				LD_RUNPATH_SEARCH_PATHS = "$(inherited) @executable_path/Frameworks @loader_path/Frameworks";
				PRODUCT_BUNDLE_IDENTIFIER = CSC300ART.FinalProjectUITests;
				PRODUCT_NAME = "$(TARGET_NAME)";
				SWIFT_VERSION = 4.0;
				TARGETED_DEVICE_FAMILY = "1,2";
				TEST_TARGET_NAME = FinalProject;
			};
			name = Debug;
		};
		47359D3120460C4F00120F49 /* Release */ = {
			isa = XCBuildConfiguration;
			buildSettings = {
				ALWAYS_EMBED_SWIFT_STANDARD_LIBRARIES = YES;
				CODE_SIGN_STYLE = Automatic;
				INFOPLIST_FILE = FinalProjectUITests/Info.plist;
				LD_RUNPATH_SEARCH_PATHS = "$(inherited) @executable_path/Frameworks @loader_path/Frameworks";
				PRODUCT_BUNDLE_IDENTIFIER = CSC300ART.FinalProjectUITests;
				PRODUCT_NAME = "$(TARGET_NAME)";
				SWIFT_VERSION = 4.0;
				TARGETED_DEVICE_FAMILY = "1,2";
				TEST_TARGET_NAME = FinalProject;
			};
			name = Release;
		};
/* End XCBuildConfiguration section */

/* Begin XCConfigurationList section */
		47359CF920460C4F00120F49 /* Build configuration list for PBXProject "Mathercise" */ = {
			isa = XCConfigurationList;
			buildConfigurations = (
				47359D2720460C4F00120F49 /* Debug */,
				47359D2820460C4F00120F49 /* Release */,
			);
			defaultConfigurationIsVisible = 0;
			defaultConfigurationName = Release;
		};
		47359D2920460C4F00120F49 /* Build configuration list for PBXNativeTarget "Mathercise" */ = {
			isa = XCConfigurationList;
			buildConfigurations = (
				47359D2A20460C4F00120F49 /* Debug */,
				47359D2B20460C4F00120F49 /* Release */,
			);
			defaultConfigurationIsVisible = 0;
			defaultConfigurationName = Release;
		};
		47359D2C20460C4F00120F49 /* Build configuration list for PBXNativeTarget "MatherciseTests" */ = {
			isa = XCConfigurationList;
			buildConfigurations = (
				47359D2D20460C4F00120F49 /* Debug */,
				47359D2E20460C4F00120F49 /* Release */,
			);
			defaultConfigurationIsVisible = 0;
			defaultConfigurationName = Release;
		};
		47359D2F20460C4F00120F49 /* Build configuration list for PBXNativeTarget "MatherciseUITests" */ = {
			isa = XCConfigurationList;
			buildConfigurations = (
				47359D3020460C4F00120F49 /* Debug */,
				47359D3120460C4F00120F49 /* Release */,
			);
			defaultConfigurationIsVisible = 0;
			defaultConfigurationName = Release;
		};
/* End XCConfigurationList section */

/* Begin XCVersionGroup section */
		47359D0820460C4F00120F49 /* FinalProject.xcdatamodeld */ = {
			isa = XCVersionGroup;
			children = (
				47359D0920460C4F00120F49 /* FinalProject.xcdatamodel */,
			);
			currentVersion = 47359D0920460C4F00120F49 /* FinalProject.xcdatamodel */;
			path = FinalProject.xcdatamodeld;
			sourceTree = "<group>";
			versionGroupType = wrapper.xcdatamodel;
		};
/* End XCVersionGroup section */
	};
	rootObject = 47359CF620460C4F00120F49 /* Project object */;
}
